Microsoft Visual Studio Solution File, Format Version 12.00
# Visual Studio Version 17
VisualStudioVersion = 17.5.2.0
MinimumVisualStudioVersion = 10.0.40219.1
Project("{FAE04EC0-301F-11D3-BF4B-00C04F79EFBC}") = "PayrollConsole", "PayrollConsole.csproj", "{47C8CD29-6969-475B-C7A8-D64C0A8D0522}"
EndProject
Global
	GlobalSection(SolutionConfigurationPlatforms) = preSolution
		Debug|Any CPU = Debug|Any CPU
		Release|Any CPU = Release|Any CPU
	EndGlobalSection
	GlobalSection(ProjectConfigurationPlatforms) = postSolution
		{47C8CD29-6969-475B-C7A8-D64C0A8D0522}.Debug|Any CPU.ActiveCfg = Debug|Any CPU
		{47C8CD29-6969-475B-C7A8-D64C0A8D0522}.Debug|Any CPU.Build.0 = Debug|Any CPU
		{47C8CD29-6969-475B-C7A8-D64C0A8D0522}.Release|Any CPU.ActiveCfg = Release|Any CPU
		{47C8CD29-6969-475B-C7A8-D64C0A8D0522}.Release|Any CPU.Build.0 = Release|Any CPU
	EndGlobalSection
	GlobalSection(SolutionProperties) = preSolution
		HideSolutionNode = FALSE
	EndGlobalSection
	GlobalSection(ExtensibilityGlobals) = postSolution
		SolutionGuid = {ACEAF942-9DF2-4C8D-A2CF-47BA357364F4}
	EndGlobalSection
EndGlobal
